
Microsoft Visual Studio Solution File, Format Version 12.00
# Visual Studio Version 18
VisualStudioVersion = 18.6.11723.189
MinimumVisualStudioVersion = 10.0.40219.1
Project("{FAE04EC0-301F-11D3-BF4B-00C04F79EFBC}") = "shinnzinn2026", "shinnzinn2026\shinnzinn2026.csproj", "{9CB3FD63-666E-4E52-8C6B-46EB10A1C36B}"
EndProject
Project("{2150E333-8FDC-42A3-9474-1A3956D46DE8}") = "ソリューション項目", "ソリューション項目", "{E96E13C1-3B46-4320-8A71-282F8A9F63CE}"
	ProjectSection(SolutionItems) = preProject
		merge.ps1 = merge.ps1
	EndProjectSection
EndProject
Global
	GlobalSection(SolutionConfigurationPlatforms) = preSolution
		Debug|Any CPU = Debug|Any CPU
		Release|Any CPU = Release|Any CPU
	EndGlobalSection
	GlobalSection(ProjectConfigurationPlatforms) = postSolution
		{9CB3FD63-666E-4E52-8C6B-46EB10A1C36B}.Debug|Any CPU.ActiveCfg = Debug|Any CPU
		{9CB3FD63-666E-4E52-8C6B-46EB10A1C36B}.Debug|Any CPU.Build.0 = Debug|Any CPU
		{9CB3FD63-666E-4E52-8C6B-46EB10A1C36B}.Release|Any CPU.ActiveCfg = Release|Any CPU
		{9CB3FD63-666E-4E52-8C6B-46EB10A1C36B}.Release|Any CPU.Build.0 = Release|Any CPU
	EndGlobalSection
	GlobalSection(SolutionProperties) = preSolution
		HideSolutionNode = FALSE
	EndGlobalSection
	GlobalSection(ExtensibilityGlobals) = postSolution
		SolutionGuid = {B72DB217-5BAA-4ECD-9221-1D346B95BA5E}
	EndGlobalSection
EndGlobal
